# This file is autogenerated, do not edit; changes may be undone by the next 'dep ensure'.


[[projects]]
  branch = "master"
  digest = "1:16ebb6d923d19d07e2c1eda2002ed4722de6ff2c5e5beccd5c3b3af3d1f5e03a"
  name = "github.com/mdlayher/arp"
  packages = ["."]
  pruneopts = "UT"
  revision = "f72070a231fc79cef00154e99b3d5a06be72398d"

[[projects]]
  branch = "master"
  digest = "1:34275a1f6f60d46dd507bf9b420c0abeff8bf71027fc06c6f6eda2b0c0a4bad4"
  name = "github.com/mdlayher/ethernet"
  packages = ["."]
  pruneopts = "UT"
  revision = "0394541c37b7f86a10e0b49492f6d4f605c34163"

[[projects]]
  branch = "master"
  digest = "1:ab20fabae30fb3b156ec8b93e6c8962f25c0941a1769c9aa523af5d8b51d512b"
  name = "github.com/mdlayher/raw"
  packages = ["."]
  pruneopts = "UT"
  revision = "50f2db8cc0658568575938a39dbaa46172921d98"

[[projects]]
  branch = "master"
  digest = "1:1fc1c03687700856ef340d185fd0272e3de88b3a5632283ba3f148cf40c5dcc8"
  name = "golang.org/x/net"
  packages = ["bpf"]
  pruneopts = "UT"
  revision = "5a598a2470a0279bd28bab287167dc1ef0813153"

[[projects]]
  branch = "master"
  digest = "1:578046baf093df15df2904bbb0fe06f3f2385bad59987532201007754aa7e1d5"
  name = "golang.org/x/sys"
  packages = ["unix"]
  pruneopts = "UT"
  revision = "d5e6a3e2c0ae16fc7480523ebcb7fd4dd3215489"

[solve-meta]
  analyzer-name = "dep"
  analyzer-version = 1
  input-imports = ["github.com/mdlayher/arp"]
  solver-name = "gps-cdcl"
  solver-version = 1
